# THIS IS AN AUTOGENERATED FILE. DO NOT EDIT THIS FILE DIRECTLY.
# yarn lockfile v1


izitoast@^1.4.0:
  version "1.4.0"
  resolved "https://registry.yarnpkg.com/izitoast/-/izitoast-1.4.0.tgz#1aa4e3408b7159fba743506af66d8be54fd929fb"

siema@^1.5.1:
  version "1.5.1"
  resolved "https://registry.yarnpkg.com/siema/-/siema-1.5.1.tgz#eff312b77e8340fa4d81d5d053ebbeb9113ff888"
